
Microsoft Visual Studio Solution File, Format Version 12.00
# Visual Studio 15
VisualStudioVersion = 15.0.27703.2000
MinimumVisualStudioVersion = 10.0.40219.1
Project("{FAE04EC0-301F-11D3-BF4B-00C04F79EFBC}") = "SudokuSolver.Lib", "SudokuSolver.Lib\SudokuSolver.Lib.csproj", "{4467AA95-8997-4410-84AC-FA154FC653CE}"
EndProject
Project("{FAE04EC0-301F-11D3-BF4B-00C04F79EFBC}") = "SudokuSolver.Lib.Tests", "SudokuSolver.Lib.Tests\SudokuSolver.Lib.Tests.csproj", "{40A37D09-EE29-4B7D-9C6D-69DB4168B4FE}"
EndProject
Global
	GlobalSection(SolutionConfigurationPlatforms) = preSolution
		Debug|Any CPU = Debug|Any CPU
		Release|Any CPU = Release|Any CPU
	EndGlobalSection
	GlobalSection(ProjectConfigurationPlatforms) = postSolution
		{4467AA95-8997-4410-84AC-FA154FC653CE}.Debug|Any CPU.ActiveCfg = Debug|Any CPU
		{4467AA95-8997-4410-84AC-FA154FC653CE}.Debug|Any CPU.Build.0 = Debug|Any CPU
		{4467AA95-8997-4410-84AC-FA154FC653CE}.Release|Any CPU.ActiveCfg = Release|Any CPU
		{4467AA95-8997-4410-84AC-FA154FC653CE}.Release|Any CPU.Build.0 = Release|Any CPU
		{40A37D09-EE29-4B7D-9C6D-69DB4168B4FE}.Debug|Any CPU.ActiveCfg = Debug|Any CPU
		{40A37D09-EE29-4B7D-9C6D-69DB4168B4FE}.Debug|Any CPU.Build.0 = Debug|Any CPU
		{40A37D09-EE29-4B7D-9C6D-69DB4168B4FE}.Release|Any CPU.ActiveCfg = Release|Any CPU
		{40A37D09-EE29-4B7D-9C6D-69DB4168B4FE}.Release|Any CPU.Build.0 = Release|Any CPU
	EndGlobalSection
	GlobalSection(SolutionProperties) = preSolution
		HideSolutionNode = FALSE
	EndGlobalSection
	GlobalSection(ExtensibilityGlobals) = postSolution
		SolutionGuid = {67620A3D-A2EA-4781-9ADC-429B56426E49}
	EndGlobalSection
EndGlobal
