
Microsoft Visual Studio Solution File, Format Version 12.00
# Visual Studio 15
VisualStudioVersion = 15.0.27703.2000
MinimumVisualStudioVersion = 10.0.40219.1
Project("{FAE04EC0-301F-11D3-BF4B-00C04F79EFBC}") = "SudokuSolver.Lib", "SudokuSolver.Lib\SudokuSolver.Lib.csproj", "{4467AA95-8997-4410-84AC-FA154FC653CE}"
EndProject
Project("{FAE04EC0-301F-11D3-BF4B-00C04F79EFBC}") = "SudokuSolver.Lib.Tests", "SudokuSolver.Lib.Tests\SudokuSolver.Lib.Tests.csproj", "{40A37D09-EE29-4B7D-9C6D-69DB4168B4FE}"
EndProject
Project("{F2A71F9B-5D33-465A-A702-920D77279786}") = "SudokuSolver.Lib.FSharp", "SudokuSolver.Lib.FSharp\SudokuSolver.Lib.FSharp.fsproj", "{D2244985-FBB4-47FE-B42D-318C20BA4053}"
EndProject
Project("{F2A71F9B-5D33-465A-A702-920D77279786}") = "SudokuSolver.Lib.FSharp.Tests", "SudokuSolver.Lib.FSharp.Tests\SudokuSolver.Lib.FSharp.Tests.fsproj", "{0E624FF0-33C1-4298-94E4-09234A99C525}"
EndProject
Global
	GlobalSection(SolutionConfigurationPlatforms) = preSolution
		Debug|Any CPU = Debug|Any CPU
		Release|Any CPU = Release|Any CPU
	EndGlobalSection
	GlobalSection(ProjectConfigurationPlatforms) = postSolution
		{4467AA95-8997-4410-84AC-FA154FC653CE}.Debug|Any CPU.ActiveCfg = Debug|Any CPU
		{4467AA95-8997-4410-84AC-FA154FC653CE}.Debug|Any CPU.Build.0 = Debug|Any CPU
		{4467AA95-8997-4410-84AC-FA154FC653CE}.Release|Any CPU.ActiveCfg = Release|Any CPU
		{4467AA95-8997-4410-84AC-FA154FC653CE}.Release|Any CPU.Build.0 = Release|Any CPU
		{40A37D09-EE29-4B7D-9C6D-69DB4168B4FE}.Debug|Any CPU.ActiveCfg = Debug|Any CPU
		{40A37D09-EE29-4B7D-9C6D-69DB4168B4FE}.Debug|Any CPU.Build.0 = Debug|Any CPU
		{40A37D09-EE29-4B7D-9C6D-69DB4168B4FE}.Release|Any CPU.ActiveCfg = Release|Any CPU
		{40A37D09-EE29-4B7D-9C6D-69DB4168B4FE}.Release|Any CPU.Build.0 = Release|Any CPU
		{D2244985-FBB4-47FE-B42D-318C20BA4053}.Debug|Any CPU.ActiveCfg = Debug|Any CPU
		{D2244985-FBB4-47FE-B42D-318C20BA4053}.Debug|Any CPU.Build.0 = Debug|Any CPU
		{D2244985-FBB4-47FE-B42D-318C20BA4053}.Release|Any CPU.ActiveCfg = Release|Any CPU
		{D2244985-FBB4-47FE-B42D-318C20BA4053}.Release|Any CPU.Build.0 = Release|Any CPU
		{0E624FF0-33C1-4298-94E4-09234A99C525}.Debug|Any CPU.ActiveCfg = Debug|Any CPU
		{0E624FF0-33C1-4298-94E4-09234A99C525}.Debug|Any CPU.Build.0 = Debug|Any CPU
		{0E624FF0-33C1-4298-94E4-09234A99C525}.Release|Any CPU.ActiveCfg = Release|Any CPU
		{0E624FF0-33C1-4298-94E4-09234A99C525}.Release|Any CPU.Build.0 = Release|Any CPU
	EndGlobalSection
	GlobalSection(SolutionProperties) = preSolution
		HideSolutionNode = FALSE
	EndGlobalSection
	GlobalSection(ExtensibilityGlobals) = postSolution
		SolutionGuid = {67620A3D-A2EA-4781-9ADC-429B56426E49}
	EndGlobalSection
EndGlobal
